dependencies:
- name: traefik
  repository: oci://ghcr.io/traefik/helm
  version: 36.2.0
- name: openfga
  repository: https://openfga.github.io/helm-charts
  version: 0.2.39
- name: heimdall
  repository: oci://ghcr.io/dadrus/heimdall/chart
  version: 0.15.8
- name: nats
  repository: https://nats-io.github.io/k8s/helm/charts/
  version: 1.3.10
- name: opensearch
  repository: https://opensearch-project.github.io/helm-charts/
  version: 2.34.0
- name: mailpit
  repository: https://jouve.github.io/charts/
  version: 0.25.2
- name: authelia
  repository: https://charts.authelia.com
  version: 0.10.42
- name: nack
  repository: https://nats-io.github.io/k8s/helm/charts/
  version: 0.29.1
- name: fga-operator
  repository: https://3schwartz.github.io/fga-operator/
  version: 1.0.0
- name: cert-manager
  repository: https://charts.jetstack.io
  version: v1.18.2
- name: trust-manager
  repository: https://charts.jetstack.io
  version: v0.18.0
digest: sha256:bc2c5b7431ca00d178b7d177a3489d2873586f039c5709047f86a3655d1570ea
generated: "2025-08-11T09:12:50.463262827-07:00"
