dependencies:
- name: traefik
  repository: oci://ghcr.io/traefik/helm
  version: 36.2.0
- name: openfga
  repository: https://openfga.github.io/helm-charts
  version: 0.2.50
- name: heimdall
  repository: oci://ghcr.io/dadrus/heimdall/chart
  version: 0.16.6
- name: nats
  repository: https://nats-io.github.io/k8s/helm/charts/
  version: 1.3.16
- name: opensearch
  repository: https://opensearch-project.github.io/helm-charts/
  version: 2.34.0
- name: mailpit
  repository: https://jouve.github.io/charts/
  version: 0.25.2
- name: authelia
  repository: https://charts.authelia.com
  version: 0.10.49
- name: nack
  repository: https://nats-io.github.io/k8s/helm/charts/
  version: 0.29.2
- name: fga-operator
  repository: https://3schwartz.github.io/fga-operator/
  version: 1.0.0
- name: cert-manager
  repository: https://charts.jetstack.io
  version: v1.18.4
- name: trust-manager
  repository: https://charts.jetstack.io
  version: v0.18.0
- name: lfx-v2-query-service
  repository: oci://ghcr.io/linuxfoundation/lfx-v2-query-service/chart
  version: 0.4.9
- name: lfx-v2-project-service
  repository: oci://ghcr.io/linuxfoundation/lfx-v2-project-service/chart
  version: 0.5.3
- name: lfx-v2-fga-sync
  repository: oci://ghcr.io/linuxfoundation/lfx-v2-fga-sync/chart
  version: 0.2.10
- name: lfx-v2-access-check
  repository: oci://ghcr.io/linuxfoundation/lfx-v2-access-check/chart
  version: 0.2.5
- name: lfx-v2-indexer-service
  repository: oci://ghcr.io/linuxfoundation/lfx-v2-indexer-service/chart
  version: 0.4.12
- name: lfx-v2-committee-service
  repository: oci://ghcr.io/linuxfoundation/lfx-v2-committee-service/chart
  version: 0.2.19
- name: lfx-v2-meeting-service
  repository: oci://ghcr.io/linuxfoundation/lfx-v2-meeting-service/chart
  version: 0.5.13
- name: lfx-v2-mailing-list-service
  repository: oci://ghcr.io/linuxfoundation/lfx-v2-mailing-list-service/chart
  version: 0.1.2
- name: lfx-v2-auth-service
  repository: oci://ghcr.io/linuxfoundation/lfx-v2-auth-service/chart
  version: 0.3.4
digest: sha256:8b73e3d14b4ba49313b87f51e1cf47b8d50e29f7d0384fb830900cf54eae9e9d
generated: "2025-12-30T13:32:30.201772-03:00"
